
Microsoft Visual Studio Solution File, Format Version 12.00
# Visual Studio Version 17
VisualStudioVersion = 17.2.32630.192
MinimumVisualStudioVersion = 10.0.40219.1
Project("{FAE04EC0-301F-11D3-BF4B-00C04F79EFBC}") = "AreaCalc", "AreaCalc\AreaCalc.csproj", "{6E6A621A-AC85-4DC2-B884-811A489F4614}"
EndProject
Project("{FAE04EC0-301F-11D3-BF4B-00C04F79EFBC}") = "AreaCalcTest", "AreaCalcTest\AreaCalcTest.csproj", "{F2D4A79E-0208-4EDC-B288-0ED76FF16C8E}"
EndProject
Global
	GlobalSection(SolutionConfigurationPlatforms) = preSolution
		Debug|Any CPU = Debug|Any CPU
		Release|Any CPU = Release|Any CPU
	EndGlobalSection
	GlobalSection(ProjectConfigurationPlatforms) = postSolution
		{6E6A621A-AC85-4DC2-B884-811A489F4614}.Debug|Any CPU.ActiveCfg = Debug|Any CPU
		{6E6A621A-AC85-4DC2-B884-811A489F4614}.Debug|Any CPU.Build.0 = Debug|Any CPU
		{6E6A621A-AC85-4DC2-B884-811A489F4614}.Release|Any CPU.ActiveCfg = Release|Any CPU
		{6E6A621A-AC85-4DC2-B884-811A489F4614}.Release|Any CPU.Build.0 = Release|Any CPU
		{F2D4A79E-0208-4EDC-B288-0ED76FF16C8E}.Debug|Any CPU.ActiveCfg = Debug|Any CPU
		{F2D4A79E-0208-4EDC-B288-0ED76FF16C8E}.Debug|Any CPU.Build.0 = Debug|Any CPU
		{F2D4A79E-0208-4EDC-B288-0ED76FF16C8E}.Release|Any CPU.ActiveCfg = Release|Any CPU
		{F2D4A79E-0208-4EDC-B288-0ED76FF16C8E}.Release|Any CPU.Build.0 = Release|Any CPU
	EndGlobalSection
	GlobalSection(SolutionProperties) = preSolution
		HideSolutionNode = FALSE
	EndGlobalSection
	GlobalSection(ExtensibilityGlobals) = postSolution
		SolutionGuid = {82756BAB-DDAB-449B-9109-BD0EF9A27BA9}
	EndGlobalSection
EndGlobal
